Microsoft Visual Studio Solution File, Format Version 12.00
# Visual Studio Version 17
VisualStudioVersion = 17.5.2.0
MinimumVisualStudioVersion = 10.0.40219.1
Project("{2150E333-8FDC-42A3-9474-1A3956D46DE8}") = "sample", "sample", "{4F9DEAE5-078F-E77A-2E4A-FEB6FFE226FF}"
EndProject
Project("{2150E333-8FDC-42A3-9474-1A3956D46DE8}") = "csharp", "csharp", "{2F7477FA-3663-E3F4-66C6-0633B863FA54}"
EndProject
Project("{FAE04EC0-301F-11D3-BF4B-00C04F79EFBC}") = "Simple", "Simple.csproj", "{55E88042-10BB-112A-7E27-DA9C78897E8F}"
EndProject
Global
	GlobalSection(SolutionConfigurationPlatforms) = preSolution
		Debug|Any CPU = Debug|Any CPU
		Release|Any CPU = Release|Any CPU
	EndGlobalSection
	GlobalSection(ProjectConfigurationPlatforms) = postSolution
		{55E88042-10BB-112A-7E27-DA9C78897E8F}.Debug|Any CPU.ActiveCfg = Debug|Any CPU
		{55E88042-10BB-112A-7E27-DA9C78897E8F}.Debug|Any CPU.Build.0 = Debug|Any CPU
		{55E88042-10BB-112A-7E27-DA9C78897E8F}.Release|Any CPU.ActiveCfg = Release|Any CPU
		{55E88042-10BB-112A-7E27-DA9C78897E8F}.Release|Any CPU.Build.0 = Release|Any CPU
	EndGlobalSection
	GlobalSection(SolutionProperties) = preSolution
		HideSolutionNode = FALSE
	EndGlobalSection
	GlobalSection(NestedProjects) = preSolution
		{2F7477FA-3663-E3F4-66C6-0633B863FA54} = {4F9DEAE5-078F-E77A-2E4A-FEB6FFE226FF}
		{55E88042-10BB-112A-7E27-DA9C78897E8F} = {2F7477FA-3663-E3F4-66C6-0633B863FA54}
	EndGlobalSection
	GlobalSection(ExtensibilityGlobals) = postSolution
		SolutionGuid = {59CB8FD2-4004-44DC-A6B4-2FF26724B91E}
	EndGlobalSection
EndGlobal
